# @generated - this file is auto-generated by `mise lock` https://mise.jdx.dev/dev-tools/mise-lock.html

[[tools.cocogitto]]
version = "6.5.0"
backend = "aqua:cocogitto/cocogitto"

[tools.cocogitto."platforms.linux-arm64"]
checksum = "sha256:8f05394d82cfbba1e393cef4b822cddb6e903817478c29a03200815daed7d9f1"
url = "https://github.com/cocogitto/cocogitto/releases/download/6.5.0/cocogitto-6.5.0-aarch64-unknown-linux-gnu.tar.gz"

[tools.cocogitto."platforms.linux-arm64-musl"]
checksum = "sha256:8f05394d82cfbba1e393cef4b822cddb6e903817478c29a03200815daed7d9f1"
url = "https://github.com/cocogitto/cocogitto/releases/download/6.5.0/cocogitto-6.5.0-aarch64-unknown-linux-gnu.tar.gz"

[tools.cocogitto."platforms.linux-x64"]
checksum = "sha256:9de1086c8b6521a8a01abbd62c562d6d355990f542e3082b49ec4a597f925646"
url = "https://github.com/cocogitto/cocogitto/releases/download/6.5.0/cocogitto-6.5.0-x86_64-unknown-linux-musl.tar.gz"

[tools.cocogitto."platforms.linux-x64-musl"]
checksum = "sha256:9de1086c8b6521a8a01abbd62c562d6d355990f542e3082b49ec4a597f925646"
url = "https://github.com/cocogitto/cocogitto/releases/download/6.5.0/cocogitto-6.5.0-x86_64-unknown-linux-musl.tar.gz"

[tools.cocogitto."platforms.macos-arm64"]
checksum = "sha256:26385586e71e10c03faa3842a87444efd76c21a91f2dfac28873c230dfeb2138"
url = "https://github.com/cocogitto/cocogitto/releases/download/6.5.0/cocogitto-6.5.0-aarch64-apple-darwin.tar.gz"

[tools.cocogitto."platforms.macos-x64"]
checksum = "sha256:ddad1e62028e328db6e373232ff9166f21dfeadfe2c8784f327e88f46081fab4"
url = "https://github.com/cocogitto/cocogitto/releases/download/6.5.0/cocogitto-6.5.0-x86_64-apple-darwin.tar.gz"

[tools.cocogitto."platforms.windows-x64"]
checksum = "sha256:ee4570d25e31393b88518af570f54e97f89e07346d545809e0c7404e8d076245"
url = "https://github.com/cocogitto/cocogitto/releases/download/6.5.0/cocogitto-6.5.0-x86_64-pc-windows-msvc.tar.gz"

[[tools.go]]
version = "1.26.5"
backend = "core:go"

[tools.go."platforms.linux-arm64"]
checksum = "sha256:fe4789e92b1f33358680864bbe8704289e7bb5fc207d80623c308935bd696d49"
url = "https://dl.google.com/go/go1.26.5.linux-arm64.tar.gz"

[tools.go."platforms.linux-arm64-musl"]
checksum = "sha256:fe4789e92b1f33358680864bbe8704289e7bb5fc207d80623c308935bd696d49"
url = "https://dl.google.com/go/go1.26.5.linux-arm64.tar.gz"

[tools.go."platforms.linux-x64"]
checksum = "sha256:5c2c3b16caefa1d968a94c1daca04a7ca301a496d9b086e17ad77bb81393f053"
url = "https://dl.google.com/go/go1.26.5.linux-amd64.tar.gz"

[tools.go."platforms.linux-x64-musl"]
checksum = "sha256:5c2c3b16caefa1d968a94c1daca04a7ca301a496d9b086e17ad77bb81393f053"
url = "https://dl.google.com/go/go1.26.5.linux-amd64.tar.gz"

[tools.go."platforms.macos-arm64"]
checksum = "sha256:efb87ff28af9a188d0536ef5d42e63dd52ba8263cd7344a993cc48dd11dedb6a"
url = "https://dl.google.com/go/go1.26.5.darwin-arm64.tar.gz"

[tools.go."platforms.macos-x64"]
checksum = "sha256:6231d8d3b8f5552ec6cbf6d685bdd5482e1e703214b120e89b3bf0d7bf1ef725"
url = "https://dl.google.com/go/go1.26.5.darwin-amd64.tar.gz"

[tools.go."platforms.windows-x64"]
checksum = "sha256:97e6b2a833b6d89f9ff17d25419ac0a7e3b482a044e9ab18cdef834bd834fd38"
url = "https://dl.google.com/go/go1.26.5.windows-amd64.zip"

[[tools.golangci-lint]]
version = "2.12.2"
backend = "aqua:golangci/golangci-lint"

[tools.golangci-lint."platforms.linux-arm64"]
checksum = "sha256:44cd40a8c76c86755375adfeea52cfd3533cb43d7bd647771e0ae065e166df3a"
url = "https://github.com/golangci/golangci-lint/releases/download/v2.12.2/golangci-lint-2.12.2-linux-arm64.tar.gz"
url_api = "https://api.github.com/repos/golangci/golangci-lint/releases/assets/413470996"
provenance = "github-attestations"

[tools.golangci-lint."platforms.linux-arm64-musl"]
checksum = "sha256:44cd40a8c76c86755375adfeea52cfd3533cb43d7bd647771e0ae065e166df3a"
url = "https://github.com/golangci/golangci-lint/releases/download/v2.12.2/golangci-lint-2.12.2-linux-arm64.tar.gz"
url_api = "https://api.github.com/repos/golangci/golangci-lint/releases/assets/413470996"
provenance = "github-attestations"

[tools.golangci-lint."platforms.linux-x64"]
checksum = "sha256:8df580d2670fed8fa984aac0507099af8df275e665215f5c7a2ae3943893a553"
url = "https://github.com/golangci/golangci-lint/releases/download/v2.12.2/golangci-lint-2.12.2-linux-amd64.tar.gz"
url_api = "https://api.github.com/repos/golangci/golangci-lint/releases/assets/413471054"
provenance = "github-attestations"

[tools.golangci-lint."platforms.linux-x64-musl"]
checksum = "sha256:8df580d2670fed8fa984aac0507099af8df275e665215f5c7a2ae3943893a553"
url = "https://github.com/golangci/golangci-lint/releases/download/v2.12.2/golangci-lint-2.12.2-linux-amd64.tar.gz"
url_api = "https://api.github.com/repos/golangci/golangci-lint/releases/assets/413471054"
provenance = "github-attestations"

[tools.golangci-lint."platforms.macos-arm64"]
checksum = "sha256:a9c54498731b3128f79e090be6110f3e5fffccc617b08142ed244d4126c73f29"
url = "https://github.com/golangci/golangci-lint/releases/download/v2.12.2/golangci-lint-2.12.2-darwin-arm64.tar.gz"
url_api = "https://api.github.com/repos/golangci/golangci-lint/releases/assets/413470950"
provenance = "github-attestations"

[tools.golangci-lint."platforms.macos-x64"]
checksum = "sha256:f6f06d94b6241521c53d15450c5209b028270bf966f842afb11c030c79f5bc16"
url = "https://github.com/golangci/golangci-lint/releases/download/v2.12.2/golangci-lint-2.12.2-darwin-amd64.tar.gz"
url_api = "https://api.github.com/repos/golangci/golangci-lint/releases/assets/413470980"
provenance = "github-attestations"

[tools.golangci-lint."platforms.windows-x64"]
checksum = "sha256:bd42e3ebc8cb4ececb86941983baaf1dc221bbb04d838e94ce63b49cc91e02bb"
url = "https://github.com/golangci/golangci-lint/releases/download/v2.12.2/golangci-lint-2.12.2-windows-amd64.zip"
url_api = "https://api.github.com/repos/golangci/golangci-lint/releases/assets/413471017"
provenance = "github-attestations"

[[tools.goreleaser]]
version = "2.17.1"
backend = "aqua:goreleaser/goreleaser"

[tools.goreleaser."platforms.linux-arm64"]
checksum = "sha256:702f03769ac8bcb0e47839c82243cc614ae995633599a98c63062e13ea85f829"
url = "https://github.com/goreleaser/goreleaser/releases/download/v2.17.1/goreleaser_Linux_arm64.tar.gz"
url_api = "https://api.github.com/repos/goreleaser/goreleaser/releases/assets/490565875"
provenance = "github-attestations"

[tools.goreleaser."platforms.linux-arm64-musl"]
checksum = "sha256:702f03769ac8bcb0e47839c82243cc614ae995633599a98c63062e13ea85f829"
url = "https://github.com/goreleaser/goreleaser/releases/download/v2.17.1/goreleaser_Linux_arm64.tar.gz"
url_api = "https://api.github.com/repos/goreleaser/goreleaser/releases/assets/490565875"
provenance = "github-attestations"

[tools.goreleaser."platforms.linux-x64"]
checksum = "sha256:a99bbc7ae0d8d897b07c4c497a9b62f222558804715ef219d1af05a7e417bc80"
url = "https://github.com/goreleaser/goreleaser/releases/download/v2.17.1/goreleaser_Linux_x86_64.tar.gz"
url_api = "https://api.github.com/repos/goreleaser/goreleaser/releases/assets/490565870"
provenance = "github-attestations"

[tools.goreleaser."platforms.linux-x64-musl"]
checksum = "sha256:a99bbc7ae0d8d897b07c4c497a9b62f222558804715ef219d1af05a7e417bc80"
url = "https://github.com/goreleaser/goreleaser/releases/download/v2.17.1/goreleaser_Linux_x86_64.tar.gz"
url_api = "https://api.github.com/repos/goreleaser/goreleaser/releases/assets/490565870"
provenance = "github-attestations"

[tools.goreleaser."platforms.macos-arm64"]
checksum = "sha256:f49d4fe67d283b5b5130c380c983087dca0a4d4ec15b6637b18fe1ab096780d8"
url = "https://github.com/goreleaser/goreleaser/releases/download/v2.17.1/goreleaser_Darwin_all.tar.gz"
url_api = "https://api.github.com/repos/goreleaser/goreleaser/releases/assets/490565848"
provenance = "github-attestations"

[tools.goreleaser."platforms.macos-x64"]
checksum = "sha256:f49d4fe67d283b5b5130c380c983087dca0a4d4ec15b6637b18fe1ab096780d8"
url = "https://github.com/goreleaser/goreleaser/releases/download/v2.17.1/goreleaser_Darwin_all.tar.gz"
url_api = "https://api.github.com/repos/goreleaser/goreleaser/releases/assets/490565848"
provenance = "github-attestations"

[tools.goreleaser."platforms.windows-x64"]
checksum = "sha256:53314ce7cc16c3229f2d3b98a932c1618c427964eb2170a1efafbdfa862a556f"
url = "https://github.com/goreleaser/goreleaser/releases/download/v2.17.1/goreleaser_Windows_x86_64.zip"
url_api = "https://api.github.com/repos/goreleaser/goreleaser/releases/assets/490565847"
provenance = "github-attestations"

[[tools.pinact]]
version = "3.10.1"
backend = "aqua:suzuki-shunsuke/pinact"

[tools.pinact."platforms.linux-arm64"]
checksum = "sha256:ac2ce7a8d0fb592557e8cd1f26e01c0e7e8cf20733ae40a25e2354fd054f4f25"
url = "https://github.com/suzuki-shunsuke/pinact/releases/download/v3.10.1/pinact_linux_arm64.tar.gz"
url_api = "https://api.github.com/repos/suzuki-shunsuke/pinact/releases/assets/421324766"
provenance = "github-attestations"

[tools.pinact."platforms.linux-arm64-musl"]
checksum = "sha256:ac2ce7a8d0fb592557e8cd1f26e01c0e7e8cf20733ae40a25e2354fd054f4f25"
url = "https://github.com/suzuki-shunsuke/pinact/releases/download/v3.10.1/pinact_linux_arm64.tar.gz"
url_api = "https://api.github.com/repos/suzuki-shunsuke/pinact/releases/assets/421324766"
provenance = "github-attestations"

[tools.pinact."platforms.linux-x64"]
checksum = "sha256:c5234ff3a636cda47719c73ca33a0183a5f441581455eda8a0726e5030942b69"
url = "https://github.com/suzuki-shunsuke/pinact/releases/download/v3.10.1/pinact_linux_amd64.tar.gz"
url_api = "https://api.github.com/repos/suzuki-shunsuke/pinact/releases/assets/421324756"
provenance = "github-attestations"

[tools.pinact."platforms.linux-x64-musl"]
checksum = "sha256:c5234ff3a636cda47719c73ca33a0183a5f441581455eda8a0726e5030942b69"
url = "https://github.com/suzuki-shunsuke/pinact/releases/download/v3.10.1/pinact_linux_amd64.tar.gz"
url_api = "https://api.github.com/repos/suzuki-shunsuke/pinact/releases/assets/421324756"
provenance = "github-attestations"

[tools.pinact."platforms.macos-arm64"]
checksum = "sha256:ba7ffd6a63e3c96458a582cce7753fb450a4ebc75099b885b2b6c6f57e5620b0"
url = "https://github.com/suzuki-shunsuke/pinact/releases/download/v3.10.1/pinact_darwin_arm64.tar.gz"
url_api = "https://api.github.com/repos/suzuki-shunsuke/pinact/releases/assets/421324750"
provenance = "github-attestations"

[tools.pinact."platforms.macos-x64"]
checksum = "sha256:64a68d241573907dec8557196423e63f836d7b2c4ce238dd6271a4fe72dbc1e9"
url = "https://github.com/suzuki-shunsuke/pinact/releases/download/v3.10.1/pinact_darwin_amd64.tar.gz"
url_api = "https://api.github.com/repos/suzuki-shunsuke/pinact/releases/assets/421324743"
provenance = "github-attestations"

[tools.pinact."platforms.windows-x64"]
checksum = "sha256:a61f48e5c5b2919dcce8f69fbc46cdd958cf49023e88e3950592a4f834b7ad01"
url = "https://github.com/suzuki-shunsuke/pinact/releases/download/v3.10.1/pinact_windows_amd64.zip"
url_api = "https://api.github.com/repos/suzuki-shunsuke/pinact/releases/assets/421324776"
provenance = "github-attestations"

[[tools.prek]]
version = "0.4.13"
backend = "aqua:j178/prek"

[tools.prek."platforms.linux-arm64"]
checksum = "sha256:08ee04c20f3738356a5c2631a09d1d370c94093f28b3ad0857d0757e34d51860"
url = "https://github.com/j178/prek/releases/download/v0.4.13/prek-aarch64-unknown-linux-gnu.tar.gz"
url_api = "https://api.github.com/repos/j178/prek/releases/assets/508529757"
provenance = "github-attestations"

[tools.prek."platforms.linux-arm64-musl"]
checksum = "sha256:ecbddcf4aad45eca7073f62dcea717f1e523901ada5c2fd668e6dce812f7790e"
url = "https://github.com/j178/prek/releases/download/v0.4.13/prek-aarch64-unknown-linux-musl.tar.gz"
url_api = "https://api.github.com/repos/j178/prek/releases/assets/508529763"
provenance = "github-attestations"

[tools.prek."platforms.linux-x64"]
checksum = "sha256:db31d0c5be937602002ab21e70ebf07c6566cc4428c9095f04fa546e12e7ccb0"
url = "https://github.com/j178/prek/releases/download/v0.4.13/prek-x86_64-unknown-linux-gnu.tar.gz"
url_api = "https://api.github.com/repos/j178/prek/releases/assets/508529827"
provenance = "github-attestations"

[tools.prek."platforms.linux-x64-musl"]
checksum = "sha256:15dbf93535fc956a09e0e13e0529f364aff94c9d048f36a41571bb802e096ec0"
url = "https://github.com/j178/prek/releases/download/v0.4.13/prek-x86_64-unknown-linux-musl.tar.gz"
url_api = "https://api.github.com/repos/j178/prek/releases/assets/508529829"
provenance = "github-attestations"

[tools.prek."platforms.macos-arm64"]
checksum = "sha256:776da7aa143b3cb11125f9c6f44ab5af157c176c992b7bfbafc1b155a44ac769"
url = "https://github.com/j178/prek/releases/download/v0.4.13/prek-aarch64-apple-darwin.tar.gz"
url_api = "https://api.github.com/repos/j178/prek/releases/assets/508529745"
provenance = "github-attestations"

[tools.prek."platforms.macos-x64"]
checksum = "sha256:dbd9dbe4f1e0142a3d264c84fbc1e0b1816392507c617cc71d971c8fdde9d506"
url = "https://github.com/j178/prek/releases/download/v0.4.13/prek-x86_64-apple-darwin.tar.gz"
url_api = "https://api.github.com/repos/j178/prek/releases/assets/508529818"
provenance = "github-attestations"

[tools.prek."platforms.windows-x64"]
checksum = "sha256:bf7adf70705a6ba0d2e1fd8a4016397e2609bc1765474eddec466db460a9f4ea"
url = "https://github.com/j178/prek/releases/download/v0.4.13/prek-x86_64-pc-windows-msvc.zip"
url_api = "https://api.github.com/repos/j178/prek/releases/assets/508529822"
provenance = "github-attestations"

[[tools.syft]]
version = "1.51.0"
backend = "aqua:anchore/syft"

[tools.syft."platforms.linux-arm64"]
checksum = "sha256:6c0466811541ea03add5213a60a1562f0851e4c0b0ecfdee1a694a9455285900"
url = "https://github.com/anchore/syft/releases/download/v1.51.0/syft_1.51.0_linux_arm64.tar.gz"
url_api = "https://api.github.com/repos/anchore/syft/releases/assets/508878652"

[tools.syft."platforms.linux-arm64-musl"]
checksum = "sha256:6c0466811541ea03add5213a60a1562f0851e4c0b0ecfdee1a694a9455285900"
url = "https://github.com/anchore/syft/releases/download/v1.51.0/syft_1.51.0_linux_arm64.tar.gz"
url_api = "https://api.github.com/repos/anchore/syft/releases/assets/508878652"

[tools.syft."platforms.linux-x64"]
checksum = "sha256:2a2e837a2c8d59ec9af5472ee22d3b04ee463c4e44476ecf993fd1e5ab6ebc7f"
url = "https://github.com/anchore/syft/releases/download/v1.51.0/syft_1.51.0_linux_amd64.tar.gz"
url_api = "https://api.github.com/repos/anchore/syft/releases/assets/508878656"

[tools.syft."platforms.linux-x64-musl"]
checksum = "sha256:2a2e837a2c8d59ec9af5472ee22d3b04ee463c4e44476ecf993fd1e5ab6ebc7f"
url = "https://github.com/anchore/syft/releases/download/v1.51.0/syft_1.51.0_linux_amd64.tar.gz"
url_api = "https://api.github.com/repos/anchore/syft/releases/assets/508878656"

[tools.syft."platforms.macos-arm64"]
checksum = "sha256:4f37f4c7fefce0a68e4cf71ba3f5f9829a99e65d89b29f7ee41b8c2c10ea8c59"
url = "https://github.com/anchore/syft/releases/download/v1.51.0/syft_1.51.0_darwin_arm64.tar.gz"
url_api = "https://api.github.com/repos/anchore/syft/releases/assets/508878653"

[tools.syft."platforms.macos-x64"]
checksum = "sha256:cddf9a044145caf0a1a3194d00d1dd51a1666f4814f2919cdb4768a0c062ad95"
url = "https://github.com/anchore/syft/releases/download/v1.51.0/syft_1.51.0_darwin_amd64.tar.gz"
url_api = "https://api.github.com/repos/anchore/syft/releases/assets/508878649"

[tools.syft."platforms.windows-x64"]
checksum = "sha256:fc5ffaeffb993576ece9c791da5a688fb2c8969a1479bbfe58583672c64da336"
url = "https://github.com/anchore/syft/releases/download/v1.51.0/syft_1.51.0_windows_amd64.zip"
url_api = "https://api.github.com/repos/anchore/syft/releases/assets/508878657"

[[tools.upx]]
version = "5.2.0"
backend = "aqua:upx/upx"

[tools.upx."platforms.linux-arm64"]
checksum = "sha256:55d48a61e8ffd17152db871c855376cba7f08e830b37799d0947a16dff8ec36c"
url = "https://github.com/upx/upx/releases/download/v5.2.0/upx-5.2.0-arm64_linux.tar.xz"
url_api = "https://api.github.com/repos/upx/upx/releases/assets/441812165"

[tools.upx."platforms.linux-arm64-musl"]
checksum = "sha256:55d48a61e8ffd17152db871c855376cba7f08e830b37799d0947a16dff8ec36c"
url = "https://github.com/upx/upx/releases/download/v5.2.0/upx-5.2.0-arm64_linux.tar.xz"
url_api = "https://api.github.com/repos/upx/upx/releases/assets/441812165"

[tools.upx."platforms.linux-x64"]
checksum = "sha256:3db5d3294707439db97866feab8d75d800f028f48481a40547411824da4288a1"
url = "https://github.com/upx/upx/releases/download/v5.2.0/upx-5.2.0-amd64_linux.tar.xz"
url_api = "https://api.github.com/repos/upx/upx/releases/assets/441812106"

[tools.upx."platforms.linux-x64-musl"]
checksum = "sha256:3db5d3294707439db97866feab8d75d800f028f48481a40547411824da4288a1"
url = "https://github.com/upx/upx/releases/download/v5.2.0/upx-5.2.0-amd64_linux.tar.xz"
url_api = "https://api.github.com/repos/upx/upx/releases/assets/441812106"

[tools.upx."platforms.windows-x64"]
checksum = "sha256:b471ebf1b7f20f4a89150264ed9a008a2a5bfd247f3c6d1184a75bb59ca08f5d"
url = "https://github.com/upx/upx/releases/download/v5.2.0/upx-5.2.0-win64.zip"
url_api = "https://api.github.com/repos/upx/upx/releases/assets/441812379"
