# @generated - this file is auto-generated by `mise lock` https://mise.jdx.dev/dev-tools/mise-lock.html

[[tools.go]]
version = "1.26.2"
backend = "core:go"

[tools.go."platforms.linux-arm64"]
checksum = "sha256:c958a1fe1b361391db163a485e21f5f228142d6f8b584f6bef89b26f66dc5b23"
url = "https://dl.google.com/go/go1.26.2.linux-arm64.tar.gz"

[tools.go."platforms.linux-arm64-musl"]
checksum = "sha256:c958a1fe1b361391db163a485e21f5f228142d6f8b584f6bef89b26f66dc5b23"
url = "https://dl.google.com/go/go1.26.2.linux-arm64.tar.gz"

[tools.go."platforms.linux-x64"]
checksum = "sha256:990e6b4bbba816dc3ee129eaeaf4b42f17c2800b88a2166c265ac1a200262282"
url = "https://dl.google.com/go/go1.26.2.linux-amd64.tar.gz"

[tools.go."platforms.linux-x64-musl"]
checksum = "sha256:990e6b4bbba816dc3ee129eaeaf4b42f17c2800b88a2166c265ac1a200262282"
url = "https://dl.google.com/go/go1.26.2.linux-amd64.tar.gz"

[tools.go."platforms.macos-arm64"]
checksum = "sha256:32af1522bf3e3ff3975864780a429cc0b41d190ec7bf90faa661d6d64566e7af"
url = "https://dl.google.com/go/go1.26.2.darwin-arm64.tar.gz"

[tools.go."platforms.macos-x64"]
checksum = "sha256:bc3f1500d9968c36d705442d90ba91addf9271665033748b82532682e90a7966"
url = "https://dl.google.com/go/go1.26.2.darwin-amd64.tar.gz"

[tools.go."platforms.windows-x64"]
checksum = "sha256:98eb3570bade15cb826b0909338df6cc6d2cf590bc39c471142002db3832b708"
url = "https://dl.google.com/go/go1.26.2.windows-amd64.zip"

[[tools.golangci-lint]]
version = "2.11.4"
backend = "aqua:golangci/golangci-lint"

[tools.golangci-lint."platforms.linux-arm64"]
checksum = "sha256:3bcfa2e6f3d32b2bf5cd75eaa876447507025e0303698633f722a05331988db4"
url = "https://github.com/golangci/golangci-lint/releases/download/v2.11.4/golangci-lint-2.11.4-linux-arm64.tar.gz"
provenance = "github-attestations"

[tools.golangci-lint."platforms.linux-arm64-musl"]
checksum = "sha256:3bcfa2e6f3d32b2bf5cd75eaa876447507025e0303698633f722a05331988db4"
url = "https://github.com/golangci/golangci-lint/releases/download/v2.11.4/golangci-lint-2.11.4-linux-arm64.tar.gz"
provenance = "github-attestations"

[tools.golangci-lint."platforms.linux-x64"]
checksum = "sha256:200c5b7503f67b59a6743ccf32133026c174e272b930ee79aa2aa6f37aca7ef1"
url = "https://github.com/golangci/golangci-lint/releases/download/v2.11.4/golangci-lint-2.11.4-linux-amd64.tar.gz"
provenance = "github-attestations"

[tools.golangci-lint."platforms.linux-x64-musl"]
checksum = "sha256:200c5b7503f67b59a6743ccf32133026c174e272b930ee79aa2aa6f37aca7ef1"
url = "https://github.com/golangci/golangci-lint/releases/download/v2.11.4/golangci-lint-2.11.4-linux-amd64.tar.gz"
provenance = "github-attestations"

[tools.golangci-lint."platforms.macos-arm64"]
checksum = "sha256:02db2a2dae8b26812e53b0688a6f617e3ef1f489790e829ea22862cf76945675"
url = "https://github.com/golangci/golangci-lint/releases/download/v2.11.4/golangci-lint-2.11.4-darwin-arm64.tar.gz"
provenance = "github-attestations"

[tools.golangci-lint."platforms.macos-x64"]
checksum = "sha256:c900d4048db75d1edfd550fd11cf6a9b3008e7caa8e119fcddbc700412d63e60"
url = "https://github.com/golangci/golangci-lint/releases/download/v2.11.4/golangci-lint-2.11.4-darwin-amd64.tar.gz"
provenance = "github-attestations"

[tools.golangci-lint."platforms.windows-x64"]
checksum = "sha256:4932cfca5e75bf60fe1c576edf459e5e809e6644664a068185d64b84af3fad9e"
url = "https://github.com/golangci/golangci-lint/releases/download/v2.11.4/golangci-lint-2.11.4-windows-amd64.zip"
provenance = "github-attestations"

[[tools.goreleaser]]
version = "2.15.2"
backend = "aqua:goreleaser/goreleaser"

[tools.goreleaser."platforms.linux-arm64"]
checksum = "sha256:5db66761a98f6693161e49e1a95d28d2673a892ba60cb4a5e16736cafd41c4c9"
url = "https://github.com/goreleaser/goreleaser/releases/download/v2.15.2/goreleaser_Linux_arm64.tar.gz"
provenance = "github-attestations"

[tools.goreleaser."platforms.linux-arm64-musl"]
checksum = "sha256:5db66761a98f6693161e49e1a95d28d2673a892ba60cb4a5e16736cafd41c4c9"
url = "https://github.com/goreleaser/goreleaser/releases/download/v2.15.2/goreleaser_Linux_arm64.tar.gz"
provenance = "github-attestations"

[tools.goreleaser."platforms.linux-x64"]
checksum = "sha256:0ebdbf0353aba566b969dde746cc4e4806f96c27aa2f3971b229a9df7611fedc"
url = "https://github.com/goreleaser/goreleaser/releases/download/v2.15.2/goreleaser_Linux_x86_64.tar.gz"
provenance = "github-attestations"

[tools.goreleaser."platforms.linux-x64-musl"]
checksum = "sha256:0ebdbf0353aba566b969dde746cc4e4806f96c27aa2f3971b229a9df7611fedc"
url = "https://github.com/goreleaser/goreleaser/releases/download/v2.15.2/goreleaser_Linux_x86_64.tar.gz"
provenance = "github-attestations"

[tools.goreleaser."platforms.macos-arm64"]
checksum = "sha256:0e6bd67688ac949780bf1166813a91f89856898ef4c40d7d46c2c74ebaa4b9ee"
url = "https://github.com/goreleaser/goreleaser/releases/download/v2.15.2/goreleaser_Darwin_all.tar.gz"
provenance = "github-attestations"

[tools.goreleaser."platforms.macos-x64"]
checksum = "sha256:0e6bd67688ac949780bf1166813a91f89856898ef4c40d7d46c2c74ebaa4b9ee"
url = "https://github.com/goreleaser/goreleaser/releases/download/v2.15.2/goreleaser_Darwin_all.tar.gz"
provenance = "github-attestations"

[tools.goreleaser."platforms.windows-x64"]
checksum = "sha256:7459832946dbe122c144f8d7f87484d8572ca005b779310aa6bb03346e8de17a"
url = "https://github.com/goreleaser/goreleaser/releases/download/v2.15.2/goreleaser_Windows_x86_64.zip"
provenance = "github-attestations"

[[tools.prek]]
version = "0.3.8"
backend = "aqua:j178/prek"

[tools.prek."platforms.linux-arm64"]
checksum = "sha256:b88d96aef4ea84999d12958c390611d3a26194ee57225fe2ff15a9855e3a71bf"
url = "https://github.com/j178/prek/releases/download/v0.3.8/prek-aarch64-unknown-linux-musl.tar.gz"
provenance = "github-attestations"

[tools.prek."platforms.linux-arm64-musl"]
checksum = "sha256:b88d96aef4ea84999d12958c390611d3a26194ee57225fe2ff15a9855e3a71bf"
url = "https://github.com/j178/prek/releases/download/v0.3.8/prek-aarch64-unknown-linux-musl.tar.gz"
provenance = "github-attestations"

[tools.prek."platforms.linux-x64"]
checksum = "sha256:732cfb03960e6dfd5df2cb67906797aa8831750ef3a6f6340ec2b90ee8b7a59f"
url = "https://github.com/j178/prek/releases/download/v0.3.8/prek-x86_64-unknown-linux-musl.tar.gz"
provenance = "github-attestations"

[tools.prek."platforms.linux-x64-musl"]
checksum = "sha256:732cfb03960e6dfd5df2cb67906797aa8831750ef3a6f6340ec2b90ee8b7a59f"
url = "https://github.com/j178/prek/releases/download/v0.3.8/prek-x86_64-unknown-linux-musl.tar.gz"
provenance = "github-attestations"

[tools.prek."platforms.macos-arm64"]
checksum = "sha256:702fde4399fafb054ce85d0a64367689e3668b6475d732c4a46aae50cec0a4be"
url = "https://github.com/j178/prek/releases/download/v0.3.8/prek-aarch64-apple-darwin.tar.gz"
provenance = "github-attestations"

[tools.prek."platforms.macos-x64"]
checksum = "sha256:010198daf4e99a76d03a911973320542ffd7a04091cf7e86c60ac861187577f6"
url = "https://github.com/j178/prek/releases/download/v0.3.8/prek-x86_64-apple-darwin.tar.gz"
provenance = "github-attestations"

[tools.prek."platforms.windows-x64"]
checksum = "sha256:1da2735c31548dacd2751f90c15b5f643aa72f3053f366636f95153ee2c7186e"
url = "https://github.com/j178/prek/releases/download/v0.3.8/prek-x86_64-pc-windows-msvc.zip"
provenance = "github-attestations"

[[tools.syft]]
version = "1.42.1"
backend = "aqua:anchore/syft"

[tools.syft."platforms.linux-arm64"]
checksum = "sha256:dfc9ac5fffa8fea95b4f84b427e200dbb2bd9bd0bbf2760d1a9369715b60a91d"
url = "https://github.com/anchore/syft/releases/download/v1.42.1/syft_1.42.1_linux_arm64.tar.gz"

[tools.syft."platforms.linux-arm64-musl"]
checksum = "sha256:dfc9ac5fffa8fea95b4f84b427e200dbb2bd9bd0bbf2760d1a9369715b60a91d"
url = "https://github.com/anchore/syft/releases/download/v1.42.1/syft_1.42.1_linux_arm64.tar.gz"

[tools.syft."platforms.linux-x64"]
checksum = "sha256:989ded4e772810f93de6ccdc4512f79a6dabb5fb2dd2a9ffc72a80c955e6125a"
url = "https://github.com/anchore/syft/releases/download/v1.42.1/syft_1.42.1_linux_amd64.tar.gz"

[tools.syft."platforms.linux-x64-musl"]
checksum = "sha256:989ded4e772810f93de6ccdc4512f79a6dabb5fb2dd2a9ffc72a80c955e6125a"
url = "https://github.com/anchore/syft/releases/download/v1.42.1/syft_1.42.1_linux_amd64.tar.gz"

[tools.syft."platforms.macos-arm64"]
checksum = "sha256:b83cdcbd1b4c55505abd359c25c5903d94b99be47e6f98572bf96927b7b47e45"
url = "https://github.com/anchore/syft/releases/download/v1.42.1/syft_1.42.1_darwin_arm64.tar.gz"

[tools.syft."platforms.macos-x64"]
checksum = "sha256:1e52e39d24a4eaec94329e0f3283c448e2ee8f79dc03e5f1e405d324b7ae4e1c"
url = "https://github.com/anchore/syft/releases/download/v1.42.1/syft_1.42.1_darwin_amd64.tar.gz"

[tools.syft."platforms.windows-x64"]
checksum = "sha256:9eb2c582af26b2e8dcbb6f63494e6bc7739821e1d8d29b7096224218ff26c892"
url = "https://github.com/anchore/syft/releases/download/v1.42.1/syft_1.42.1_windows_amd64.zip"

[[tools.upx]]
version = "5.1.1"
backend = "aqua:upx/upx"

[tools.upx."platforms.linux-arm64"]
checksum = "sha256:a307c2c821eeab47607ba5c232408b22ab884cca13884682508b98f7308b8443"
url = "https://github.com/upx/upx/releases/download/v5.1.1/upx-5.1.1-arm64_linux.tar.xz"

[tools.upx."platforms.linux-arm64-musl"]
checksum = "sha256:a307c2c821eeab47607ba5c232408b22ab884cca13884682508b98f7308b8443"
url = "https://github.com/upx/upx/releases/download/v5.1.1/upx-5.1.1-arm64_linux.tar.xz"

[tools.upx."platforms.linux-x64"]
checksum = "sha256:1ff660454227861e00772f743f66b900072116b9dc24f6ee28b97cce88a7828a"
url = "https://github.com/upx/upx/releases/download/v5.1.1/upx-5.1.1-amd64_linux.tar.xz"

[tools.upx."platforms.linux-x64-musl"]
checksum = "sha256:1ff660454227861e00772f743f66b900072116b9dc24f6ee28b97cce88a7828a"
url = "https://github.com/upx/upx/releases/download/v5.1.1/upx-5.1.1-amd64_linux.tar.xz"

[tools.upx."platforms.windows-x64"]
checksum = "sha256:fa5380bca4c2718547aaa0134bc0d8a7fa27e102f0ac6371573d60d1c21d64de"
url = "https://github.com/upx/upx/releases/download/v5.1.1/upx-5.1.1-win64.zip"
